// !$*UTF8*$!
{
	archiveVersion = 1;
	classes = {
	};
	objectVersion = 46;
	objects = {

/* Begin PBXBuildFile section */
		1F143E611D012F97007B7C46 /* DetalheTrilhaViewController.swift in Sources */ = {isa = PBXBuildFile; fileRef = 1F143E601D012F97007B7C46 /* DetalheTrilhaViewController.swift */; };
		1F1687C01D01A5DE002DE3DA /* commentButton25x25.png in Resources */ = {isa = PBXBuildFile; fileRef = 1F1687BF1D01A5DE002DE3DA /* commentButton25x25.png */; };
		1F18998D1CD8462E00A12A4B /* Perfil.swift in Sources */ = {isa = PBXBuildFile; fileRef = 1F18998C1CD8462E00A12A4B /* Perfil.swift */; };
		1F18998E1CD8462E00A12A4B /* Perfil.swift in Sources */ = {isa = PBXBuildFile; fileRef = 1F18998C1CD8462E00A12A4B /* Perfil.swift */; };
		1F348C451CEA039A00BDE0A9 /* TrilhaTableViewCell.swift in Sources */ = {isa = PBXBuildFile; fileRef = 1F348C441CEA039A00BDE0A9 /* TrilhaTableViewCell.swift */; };
		1F348C471CEA10F000BDE0A9 /* TrilhaTableViewController.swift in Sources */ = {isa = PBXBuildFile; fileRef = 1F348C461CEA10F000BDE0A9 /* TrilhaTableViewController.swift */; };
		1F45D15F1CEB57DF0035B58E /* UsuarioViewController.swift in Sources */ = {isa = PBXBuildFile; fileRef = 1F45D15E1CEB57DF0035B58E /* UsuarioViewController.swift */; };
		1F96EEE01CD79EF400216741 /* AppDelegate.swift in Sources */ = {isa = PBXBuildFile; fileRef = 1F96EEDF1CD79EF400216741 /* AppDelegate.swift */; };
		1F96EEE21CD79EF400216741 /* LoginViewController.swift in Sources */ = {isa = PBXBuildFile; fileRef = 1F96EEE11CD79EF400216741 /* LoginViewController.swift */; };
		1F96EEE51CD79EF400216741 /* Main.storyboard in Resources */ = {isa = PBXBuildFile; fileRef = 1F96EEE31CD79EF400216741 /* Main.storyboard */; };
		1F96EEE71CD79EF400216741 /* Assets.xcassets in Resources */ = {isa = PBXBuildFile; fileRef = 1F96EEE61CD79EF400216741 /* Assets.xcassets */; };
		1F96EEEA1CD79EF400216741 /* LaunchScreen.storyboard in Resources */ = {isa = PBXBuildFile; fileRef = 1F96EEE81CD79EF400216741 /* LaunchScreen.storyboard */; };
		1F96EEF51CD79EF400216741 /* SextouNTITests.swift in Sources */ = {isa = PBXBuildFile; fileRef = 1F96EEF41CD79EF400216741 /* SextouNTITests.swift */; };
		1F96EF011CD7A28400216741 /* Comentario.swift in Sources */ = {isa = PBXBuildFile; fileRef = 1F96EF001CD7A28400216741 /* Comentario.swift */; };
		1F96EF021CD7A28400216741 /* Comentario.swift in Sources */ = {isa = PBXBuildFile; fileRef = 1F96EF001CD7A28400216741 /* Comentario.swift */; };
		1F96EF041CD7A57D00216741 /* Trilha.swift in Sources */ = {isa = PBXBuildFile; fileRef = 1F96EF031CD7A57D00216741 /* Trilha.swift */; };
		1F96EF051CD7A57D00216741 /* Trilha.swift in Sources */ = {isa = PBXBuildFile; fileRef = 1F96EF031CD7A57D00216741 /* Trilha.swift */; };
		1F96EF071CD7A68300216741 /* Usuario.swift in Sources */ = {isa = PBXBuildFile; fileRef = 1F96EF061CD7A68300216741 /* Usuario.swift */; };
		1F96EF081CD7A68300216741 /* Usuario.swift in Sources */ = {isa = PBXBuildFile; fileRef = 1F96EF061CD7A68300216741 /* Usuario.swift */; };
		1F9F72331CE93F720010CF96 /* MD5.swift in Sources */ = {isa = PBXBuildFile; fileRef = 1F9F72321CE93F720010CF96 /* MD5.swift */; };
		1FC0F3DC1D0311AE001BB1BF /* shareBnt.png in Resources */ = {isa = PBXBuildFile; fileRef = 1FC0F3DB1D0311AE001BB1BF /* shareBnt.png */; };
		1FC0F3DE1D0312FC001BB1BF /* LikeBnt.png in Resources */ = {isa = PBXBuildFile; fileRef = 1FC0F3DD1D0312FC001BB1BF /* LikeBnt.png */; };
		484D105E1CEFC22800E129D6 /* LoginInteractor.swift in Sources */ = {isa = PBXBuildFile; fileRef = 484D105D1CEFC22800E129D6 /* LoginInteractor.swift */; };
		484D10601CEFCE3000E129D6 /* Alerta.swift in Sources */ = {isa = PBXBuildFile; fileRef = 484D105F1CEFCE3000E129D6 /* Alerta.swift */; };
		9C0C408F1D9AFC93001219B9 /* Like.swift in Sources */ = {isa = PBXBuildFile; fileRef = 9C0C408E1D9AFC93001219B9 /* Like.swift */; };
		9C148B541D52353F00C9A73E /* Reachability.swift in Sources */ = {isa = PBXBuildFile; fileRef = 9C148B531D52353F00C9A73E /* Reachability.swift */; };
		9C21A6051D40593800AA7F2E /* ComentarioViewController.swift in Sources */ = {isa = PBXBuildFile; fileRef = 9C21A6041D40593800AA7F2E /* ComentarioViewController.swift */; };
		9C3165BA1D87BA320026BD08 /* GoogleService-Info.plist in Resources */ = {isa = PBXBuildFile; fileRef = 9C3165B91D87BA320026BD08 /* GoogleService-Info.plist */; };
		9C37E4D31D41C09500D1182E /* ComentTableViewCell.swift in Sources */ = {isa = PBXBuildFile; fileRef = 9C37E4D21D41C09500D1182E /* ComentTableViewCell.swift */; };
		9C4DB7901D33D7DB00D4AB81 /* rightarrowwite25x25.png in Resources */ = {isa = PBXBuildFile; fileRef = 9C4DB78F1D33D7DB00D4AB81 /* rightarrowwite25x25.png */; };
		9C7707AC1D9309EF0017FB91 /* DownLoadImageView.swift in Sources */ = {isa = PBXBuildFile; fileRef = 9C7707AB1D9309EF0017FB91 /* DownLoadImageView.swift */; };
		9C7707B01D931B960017FB91 /* StringUtils.swift in Sources */ = {isa = PBXBuildFile; fileRef = 9C7707AF1D931B960017FB91 /* StringUtils.swift */; };
		9C7707B21D932ADF0017FB91 /* FabricaModels.swift in Sources */ = {isa = PBXBuildFile; fileRef = 9C7707B11D932ADF0017FB91 /* FabricaModels.swift */; };
		9C7DF6371D9733A200D38515 /* UsuarioSocial.swift in Sources */ = {isa = PBXBuildFile; fileRef = 9C7DF6361D9733A200D38515 /* UsuarioSocial.swift */; };
		9C9740FA1D50467C00D01F70 /* UtilImagem.swift in Sources */ = {isa = PBXBuildFile; fileRef = 9C9740F91D50467C00D01F70 /* UtilImagem.swift */; };
		9CD0A4C91D32C994005806D1 /* nophoto.jpg in Resources */ = {isa = PBXBuildFile; fileRef = 9CD0A4C81D32C994005806D1 /* nophoto.jpg */; };
		9CD0A4CB1D32EEE0005806D1 /* bntRightArrow25x25.png in Resources */ = {isa = PBXBuildFile; fileRef = 9CD0A4CA1D32EEE0005806D1 /* bntRightArrow25x25.png */; };
		9CF99DF51D91A6B200F30740 /* FBSDKCoreKit.framework in Frameworks */ = {isa = PBXBuildFile; fileRef = 9CF99DF21D91A6B200F30740 /* FBSDKCoreKit.framework */; };
		9CF99DF61D91A6B200F30740 /* FBSDKLoginKit.framework in Frameworks */ = {isa = PBXBuildFile; fileRef = 9CF99DF31D91A6B200F30740 /* FBSDKLoginKit.framework */; };
		9CF99DF71D91A6B200F30740 /* FBSDKShareKit.framework in Frameworks */ = {isa = PBXBuildFile; fileRef = 9CF99DF41D91A6B200F30740 /* FBSDKShareKit.framework */; };
		DF907463827D188F565F3F86 /* Pods_SextouNTI.framework in Frameworks */ = {isa = PBXBuildFile; fileRef = 868C36EDFA6681B244045865 /* Pods_SextouNTI.framework */; };
/* End PBXBuildFile section */

/* Begin PBXContainerItemProxy section */
		1F96EEF11CD79EF400216741 /* PBXContainerItemProxy */ = {
			isa = PBXContainerItemProxy;
			containerPortal = 1F96EED41CD79EF300216741 /* Project object */;
			proxyType = 1;
			remoteGlobalIDString = 1F96EEDB1CD79EF400216741;
			remoteInfo = SextouNTI;
		};
/* End PBXContainerItemProxy section */

/* Begin PBXFileReference section */
		04394DC5BF141A88A2AD953C /* Pods-SextouNTI.debug.xcconfig */ = {isa = PBXFileReference; includeInIndex = 1; lastKnownFileType = text.xcconfig; name = "Pods-SextouNTI.debug.xcconfig"; path = "Pods/Target Support Files/Pods-SextouNTI/Pods-SextouNTI.debug.xcconfig"; sourceTree = "<group>"; };
		1F143E601D012F97007B7C46 /* DetalheTrilhaViewController.swift */ = {isa = PBXFileReference; fileEncoding = 4; lastKnownFileType = sourcecode.swift; path = DetalheTrilhaViewController.swift; sourceTree = "<group>"; };
		1F1687BF1D01A5DE002DE3DA /* commentButton25x25.png */ = {isa = PBXFileReference; lastKnownFileType = image.png; name = commentButton25x25.png; path = SextouNTI/commentButton25x25.png; sourceTree = "<group>"; };
		1F18998C1CD8462E00A12A4B /* Perfil.swift */ = {isa = PBXFileReference; fileEncoding = 4; lastKnownFileType = sourcecode.swift; path = Perfil.swift; sourceTree = "<group>"; };
		1F348C441CEA039A00BDE0A9 /* TrilhaTableViewCell.swift */ = {isa = PBXFileReference; fileEncoding = 4; lastKnownFileType = sourcecode.swift; path = TrilhaTableViewCell.swift; sourceTree = "<group>"; };
		1F348C461CEA10F000BDE0A9 /* TrilhaTableViewController.swift */ = {isa = PBXFileReference; fileEncoding = 4; lastKnownFileType = sourcecode.swift; path = TrilhaTableViewController.swift; sourceTree = "<group>"; };
		1F45D15E1CEB57DF0035B58E /* UsuarioViewController.swift */ = {isa = PBXFileReference; fileEncoding = 4; lastKnownFileType = sourcecode.swift; path = UsuarioViewController.swift; sourceTree = "<group>"; };
		1F96EEDC1CD79EF400216741 /* SextouNTI.app */ = {isa = PBXFileReference; explicitFileType = wrapper.application; includeInIndex = 0; path = SextouNTI.app; sourceTree = BUILT_PRODUCTS_DIR; };
		1F96EEDF1CD79EF400216741 /* AppDelegate.swift */ = {isa = PBXFileReference; lastKnownFileType = sourcecode.swift; path = AppDelegate.swift; sourceTree = "<group>"; };
		1F96EEE11CD79EF400216741 /* LoginViewController.swift */ = {isa = PBXFileReference; lastKnownFileType = sourcecode.swift; path = LoginViewController.swift; sourceTree = "<group>"; };
		1F96EEE41CD79EF400216741 /* Base */ = {isa = PBXFileReference; lastKnownFileType = file.storyboard; name = Base; path = Base.lproj/Main.storyboard; sourceTree = "<group>"; };
		1F96EEE61CD79EF400216741 /* Assets.xcassets */ = {isa = PBXFileReference; lastKnownFileType = folder.assetcatalog; path = Assets.xcassets; sourceTree = "<group>"; };
		1F96EEE91CD79EF400216741 /* Base */ = {isa = PBXFileReference; lastKnownFileType = file.storyboard; name = Base; path = Base.lproj/LaunchScreen.storyboard; sourceTree = "<group>"; };
		1F96EEEB1CD79EF400216741 /* Info.plist */ = {isa = PBXFileReference; lastKnownFileType = text.plist.xml; path = Info.plist; sourceTree = "<group>"; };
		1F96EEF01CD79EF400216741 /* SextouNTITests.xctest */ = {isa = PBXFileReference; explicitFileType = wrapper.cfbundle; includeInIndex = 0; path = SextouNTITests.xctest; sourceTree = BUILT_PRODUCTS_DIR; };
		1F96EEF41CD79EF400216741 /* SextouNTITests.swift */ = {isa = PBXFileReference; lastKnownFileType = sourcecode.swift; path = SextouNTITests.swift; sourceTree = "<group>"; };
		1F96EEF61CD79EF400216741 /* Info.plist */ = {isa = PBXFileReference; lastKnownFileType = text.plist.xml; path = Info.plist; sourceTree = "<group>"; };
		1F96EF001CD7A28400216741 /* Comentario.swift */ = {isa = PBXFileReference; fileEncoding = 4; lastKnownFileType = sourcecode.swift; path = Comentario.swift; sourceTree = "<group>"; };
		1F96EF031CD7A57D00216741 /* Trilha.swift */ = {isa = PBXFileReference; fileEncoding = 4; lastKnownFileType = sourcecode.swift; path = Trilha.swift; sourceTree = "<group>"; };
		1F96EF061CD7A68300216741 /* Usuario.swift */ = {isa = PBXFileReference; fileEncoding = 4; lastKnownFileType = sourcecode.swift; path = Usuario.swift; sourceTree = "<group>"; };
		1F9F72321CE93F720010CF96 /* MD5.swift */ = {isa = PBXFileReference; fileEncoding = 4; lastKnownFileType = sourcecode.swift; path = MD5.swift; sourceTree = "<group>"; };
		1F9F72371CE96D1D0010CF96 /* SextouNTI-Bridging-Header.h */ = {isa = PBXFileReference; lastKnownFileType = sourcecode.c.h; path = "SextouNTI-Bridging-Header.h"; sourceTree = "<group>"; };
		1FC0F3DB1D0311AE001BB1BF /* shareBnt.png */ = {isa = PBXFileReference; lastKnownFileType = image.png; name = shareBnt.png; path = SextouNTI/shareBnt.png; sourceTree = "<group>"; };
		1FC0F3DD1D0312FC001BB1BF /* LikeBnt.png */ = {isa = PBXFileReference; lastKnownFileType = image.png; name = LikeBnt.png; path = SextouNTI/LikeBnt.png; sourceTree = "<group>"; };
		484D105D1CEFC22800E129D6 /* LoginInteractor.swift */ = {isa = PBXFileReference; fileEncoding = 4; lastKnownFileType = sourcecode.swift; path = LoginInteractor.swift; sourceTree = "<group>"; };
		484D105F1CEFCE3000E129D6 /* Alerta.swift */ = {isa = PBXFileReference; fileEncoding = 4; lastKnownFileType = sourcecode.swift; path = Alerta.swift; sourceTree = "<group>"; };
		787697839C5334AC4B7B6183 /* Pods-SextouNTI.release.xcconfig */ = {isa = PBXFileReference; includeInIndex = 1; lastKnownFileType = text.xcconfig; name = "Pods-SextouNTI.release.xcconfig"; path = "Pods/Target Support Files/Pods-SextouNTI/Pods-SextouNTI.release.xcconfig"; sourceTree = "<group>"; };
		868C36EDFA6681B244045865 /* Pods_SextouNTI.framework */ = {isa = PBXFileReference; explicitFileType = wrapper.framework; includeInIndex = 0; path = Pods_SextouNTI.framework; sourceTree = BUILT_PRODUCTS_DIR; };
		9C0C408E1D9AFC93001219B9 /* Like.swift */ = {isa = PBXFileReference; fileEncoding = 4; lastKnownFileType = sourcecode.swift; path = Like.swift; sourceTree = "<group>"; };
		9C148B531D52353F00C9A73E /* Reachability.swift */ = {isa = PBXFileReference; fileEncoding = 4; lastKnownFileType = sourcecode.swift; path = Reachability.swift; sourceTree = "<group>"; };
		9C21A6041D40593800AA7F2E /* ComentarioViewController.swift */ = {isa = PBXFileReference; fileEncoding = 4; lastKnownFileType = sourcecode.swift; path = ComentarioViewController.swift; sourceTree = "<group>"; };
		9C3165B91D87BA320026BD08 /* GoogleService-Info.plist */ = {isa = PBXFileReference; fileEncoding = 4; lastKnownFileType = text.plist.xml; path = "GoogleService-Info.plist"; sourceTree = "<group>"; };
		9C37E4D21D41C09500D1182E /* ComentTableViewCell.swift */ = {isa = PBXFileReference; fileEncoding = 4; lastKnownFileType = sourcecode.swift; path = ComentTableViewCell.swift; sourceTree = "<group>"; };
		9C4DB78F1D33D7DB00D4AB81 /* rightarrowwite25x25.png */ = {isa = PBXFileReference; lastKnownFileType = image.png; name = rightarrowwite25x25.png; path = SextouNTI/rightarrowwite25x25.png; sourceTree = "<group>"; };
		9C7707AB1D9309EF0017FB91 /* DownLoadImageView.swift */ = {isa = PBXFileReference; fileEncoding = 4; lastKnownFileType = sourcecode.swift; path = DownLoadImageView.swift; sourceTree = "<group>"; };
		9C7707AF1D931B960017FB91 /* StringUtils.swift */ = {isa = PBXFileReference; fileEncoding = 4; lastKnownFileType = sourcecode.swift; path = StringUtils.swift; sourceTree = "<group>"; };
		9C7707B11D932ADF0017FB91 /* FabricaModels.swift */ = {isa = PBXFileReference; fileEncoding = 4; lastKnownFileType = sourcecode.swift; path = FabricaModels.swift; sourceTree = "<group>"; };
		9C7DF6361D9733A200D38515 /* UsuarioSocial.swift */ = {isa = PBXFileReference; fileEncoding = 4; lastKnownFileType = sourcecode.swift; path = UsuarioSocial.swift; sourceTree = "<group>"; };
		9C9740F91D50467C00D01F70 /* UtilImagem.swift */ = {isa = PBXFileReference; fileEncoding = 4; lastKnownFileType = sourcecode.swift; path = UtilImagem.swift; sourceTree = "<group>"; };
		9CD0A4C81D32C994005806D1 /* nophoto.jpg */ = {isa = PBXFileReference; lastKnownFileType = image.jpeg; name = nophoto.jpg; path = SextouNTI/nophoto.jpg; sourceTree = "<group>"; };
		9CD0A4CA1D32EEE0005806D1 /* bntRightArrow25x25.png */ = {isa = PBXFileReference; lastKnownFileType = image.png; name = bntRightArrow25x25.png; path = SextouNTI/bntRightArrow25x25.png; sourceTree = "<group>"; };
		9CF99DF21D91A6B200F30740 /* FBSDKCoreKit.framework */ = {isa = PBXFileReference; lastKnownFileType = wrapper.framework; name = FBSDKCoreKit.framework; path = "../../../Documents/FacebookSDKs-iOS-4.14.0/FBSDKCoreKit.framework"; sourceTree = "<group>"; };
		9CF99DF31D91A6B200F30740 /* FBSDKLoginKit.framework */ = {isa = PBXFileReference; lastKnownFileType = wrapper.framework; name = FBSDKLoginKit.framework; path = "../../../Documents/FacebookSDKs-iOS-4.14.0/FBSDKLoginKit.framework"; sourceTree = "<group>"; };
		9CF99DF41D91A6B200F30740 /* FBSDKShareKit.framework */ = {isa = PBXFileReference; lastKnownFileType = wrapper.framework; name = FBSDKShareKit.framework; path = "../../../Documents/FacebookSDKs-iOS-4.14.0/FBSDKShareKit.framework"; sourceTree = "<group>"; };
/* End PBXFileReference section */

/* Begin PBXFrameworksBuildPhase section */
		1F96EED91CD79EF400216741 /* Frameworks */ = {
			isa = PBXFrameworksBuildPhase;
			buildActionMask = 2147483647;
			files = (
				9CF99DF71D91A6B200F30740 /* FBSDKShareKit.framework in Frameworks */,
				DF907463827D188F565F3F86 /* Pods_SextouNTI.framework in Frameworks */,
				9CF99DF51D91A6B200F30740 /* FBSDKCoreKit.framework in Frameworks */,
				9CF99DF61D91A6B200F30740 /* FBSDKLoginKit.framework in Frameworks */,
			);
			runOnlyForDeploymentPostprocessing = 0;
		};
		1F96EEED1CD79EF400216741 /* Frameworks */ = {
			isa = PBXFrameworksBuildPhase;
			buildActionMask = 2147483647;
			files = (
			);
			runOnlyForDeploymentPostprocessing = 0;
		};
/* End PBXFrameworksBuildPhase section */

/* Begin PBXGroup section */
		19A89F779D41401F816E8311 /* Frameworks */ = {
			isa = PBXGroup;
			children = (
				9CF99DF21D91A6B200F30740 /* FBSDKCoreKit.framework */,
				9CF99DF31D91A6B200F30740 /* FBSDKLoginKit.framework */,
				9CF99DF41D91A6B200F30740 /* FBSDKShareKit.framework */,
				868C36EDFA6681B244045865 /* Pods_SextouNTI.framework */,
			);
			name = Frameworks;
			sourceTree = "<group>";
		};
		1F96EED31CD79EF300216741 = {
			isa = PBXGroup;
			children = (
				9CFE40591D50D2F800BFB0F0 /* imagens */,
				1F96EEDE1CD79EF400216741 /* SextouNTI */,
				1F96EEF31CD79EF400216741 /* SextouNTITests */,
				1F96EEDD1CD79EF400216741 /* Products */,
				E685DB84D922C3B6AEBFDD08 /* Pods */,
				19A89F779D41401F816E8311 /* Frameworks */,
			);
			sourceTree = "<group>";
		};
		1F96EEDD1CD79EF400216741 /* Products */ = {
			isa = PBXGroup;
			children = (
				1F96EEDC1CD79EF400216741 /* SextouNTI.app */,
				1F96EEF01CD79EF400216741 /* SextouNTITests.xctest */,
			);
			name = Products;
			sourceTree = "<group>";
		};
		1F96EEDE1CD79EF400216741 /* SextouNTI */ = {
			isa = PBXGroup;
			children = (
				484D105C1CEFC20900E129D6 /* Interactor */,
				484D105A1CEFC05300E129D6 /* View */,
				484D10591CEFC04B00E129D6 /* Controllers */,
				1F9F72311CE93F1D0010CF96 /* Util */,
				1F96EEFF1CD7A18600216741 /* Model */,
				1F96EEDF1CD79EF400216741 /* AppDelegate.swift */,
				1F96EEE61CD79EF400216741 /* Assets.xcassets */,
				1F96EEEB1CD79EF400216741 /* Info.plist */,
				9C3165B91D87BA320026BD08 /* GoogleService-Info.plist */,
			);
			path = SextouNTI;
			sourceTree = "<group>";
		};
		1F96EEF31CD79EF400216741 /* SextouNTITests */ = {
			isa = PBXGroup;
			children = (
				1F96EEF41CD79EF400216741 /* SextouNTITests.swift */,
				1F96EEF61CD79EF400216741 /* Info.plist */,
			);
			path = SextouNTITests;
			sourceTree = "<group>";
		};
		1F96EEFF1CD7A18600216741 /* Model */ = {
			isa = PBXGroup;
			children = (
				1F96EF001CD7A28400216741 /* Comentario.swift */,
				1F96EF031CD7A57D00216741 /* Trilha.swift */,
				1F96EF061CD7A68300216741 /* Usuario.swift */,
				9C7DF6361D9733A200D38515 /* UsuarioSocial.swift */,
				1F18998C1CD8462E00A12A4B /* Perfil.swift */,
				9C0C408E1D9AFC93001219B9 /* Like.swift */,
			);
			name = Model;
			sourceTree = "<group>";
		};
		1F9F72311CE93F1D0010CF96 /* Util */ = {
			isa = PBXGroup;
			children = (
				9C7707B11D932ADF0017FB91 /* FabricaModels.swift */,
				9C7707AF1D931B960017FB91 /* StringUtils.swift */,
				9C7707AB1D9309EF0017FB91 /* DownLoadImageView.swift */,
				9C148B531D52353F00C9A73E /* Reachability.swift */,
				9C9740F91D50467C00D01F70 /* UtilImagem.swift */,
				1F9F72371CE96D1D0010CF96 /* SextouNTI-Bridging-Header.h */,
				1F9F72341CE944520010CF96 /* Obj-C */,
				1F9F72321CE93F720010CF96 /* MD5.swift */,
				484D105F1CEFCE3000E129D6 /* Alerta.swift */,
			);
			name = Util;
			sourceTree = "<group>";
		};
		1F9F72341CE944520010CF96 /* Obj-C */ = {
			isa = PBXGroup;
			children = (
			);
			name = "Obj-C";
			sourceTree = "<group>";
		};
		484D10591CEFC04B00E129D6 /* Controllers */ = {
			isa = PBXGroup;
			children = (
				484D105B1CEFC1CF00E129D6 /* Cells */,
				1F348C461CEA10F000BDE0A9 /* TrilhaTableViewController.swift */,
				1F96EEE11CD79EF400216741 /* LoginViewController.swift */,
				1F143E601D012F97007B7C46 /* DetalheTrilhaViewController.swift */,
				1F45D15E1CEB57DF0035B58E /* UsuarioViewController.swift */,
				9C21A6041D40593800AA7F2E /* ComentarioViewController.swift */,
			);
			name = Controllers;
			sourceTree = "<group>";
		};
		484D105A1CEFC05300E129D6 /* View */ = {
			isa = PBXGroup;
			children = (
				1F96EEE81CD79EF400216741 /* LaunchScreen.storyboard */,
				1F96EEE31CD79EF400216741 /* Main.storyboard */,
			);
			name = View;
			sourceTree = "<group>";
		};
		484D105B1CEFC1CF00E129D6 /* Cells */ = {
			isa = PBXGroup;
			children = (
				1F348C441CEA039A00BDE0A9 /* TrilhaTableViewCell.swift */,
				9C37E4D21D41C09500D1182E /* ComentTableViewCell.swift */,
			);
			name = Cells;
			sourceTree = "<group>";
		};
		484D105C1CEFC20900E129D6 /* Interactor */ = {
			isa = PBXGroup;
			children = (
				484D105D1CEFC22800E129D6 /* LoginInteractor.swift */,
			);
			name = Interactor;
			sourceTree = "<group>";
		};
		9CFE40591D50D2F800BFB0F0 /* imagens */ = {
			isa = PBXGroup;
			children = (
				9CD0A4C81D32C994005806D1 /* nophoto.jpg */,
				9CD0A4CA1D32EEE0005806D1 /* bntRightArrow25x25.png */,
				9C4DB78F1D33D7DB00D4AB81 /* rightarrowwite25x25.png */,
				1FC0F3DB1D0311AE001BB1BF /* shareBnt.png */,
				1F1687BF1D01A5DE002DE3DA /* commentButton25x25.png */,
				1FC0F3DD1D0312FC001BB1BF /* LikeBnt.png */,
			);
			name = imagens;
			sourceTree = "<group>";
		};
		E685DB84D922C3B6AEBFDD08 /* Pods */ = {
			isa = PBXGroup;
			children = (
				04394DC5BF141A88A2AD953C /* Pods-SextouNTI.debug.xcconfig */,
				787697839C5334AC4B7B6183 /* Pods-SextouNTI.release.xcconfig */,
			);
			name = Pods;
			sourceTree = "<group>";
		};
/* End PBXGroup section */

/* Begin PBXNativeTarget section */
		1F96EEDB1CD79EF400216741 /* SextouNTI */ = {
			isa = PBXNativeTarget;
			buildConfigurationList = 1F96EEF91CD79EF400216741 /* Build configuration list for PBXNativeTarget "SextouNTI" */;
			buildPhases = (
				8D196A590DA972C4C248DEA7 /* [CP] Check Pods Manifest.lock */,
				1F96EED81CD79EF400216741 /* Sources */,
				1F96EED91CD79EF400216741 /* Frameworks */,
				1F96EEDA1CD79EF400216741 /* Resources */,
				4690E22A7D4B9C9A9AAA80E8 /* [CP] Embed Pods Frameworks */,
				56F867BD04BD11D080437EE7 /* [CP] Copy Pods Resources */,
			);
			buildRules = (
			);
			dependencies = (
			);
			name = SextouNTI;
			productName = SextouNTI;
			productReference = 1F96EEDC1CD79EF400216741 /* SextouNTI.app */;
			productType = "com.apple.product-type.application";
		};
		1F96EEEF1CD79EF400216741 /* SextouNTITests */ = {
			isa = PBXNativeTarget;
			buildConfigurationList = 1F96EEFC1CD79EF400216741 /* Build configuration list for PBXNativeTarget "SextouNTITests" */;
			buildPhases = (
				1F96EEEC1CD79EF400216741 /* Sources */,
				1F96EEED1CD79EF400216741 /* Frameworks */,
				1F96EEEE1CD79EF400216741 /* Resources */,
			);
			buildRules = (
			);
			dependencies = (
				1F96EEF21CD79EF400216741 /* PBXTargetDependency */,
			);
			name = SextouNTITests;
			productName = SextouNTITests;
			productReference = 1F96EEF01CD79EF400216741 /* SextouNTITests.xctest */;
			productType = "com.apple.product-type.bundle.unit-test";
		};
/* End PBXNativeTarget section */

/* Begin PBXProject section */
		1F96EED41CD79EF300216741 /* Project object */ = {
			isa = PBXProject;
			attributes = {
				LastSwiftUpdateCheck = 0730;
				LastUpgradeCheck = 0730;
				ORGANIZATIONNAME = br.com.fagutapp;
				TargetAttributes = {
					1F96EEDB1CD79EF400216741 = {
						CreatedOnToolsVersion = 7.3;
						DevelopmentTeam = 8YDY7GU5B5;
					};
					1F96EEEF1CD79EF400216741 = {
						CreatedOnToolsVersion = 7.3;
						DevelopmentTeam = 8YDY7GU5B5;
						TestTargetID = 1F96EEDB1CD79EF400216741;
					};
				};
			};
			buildConfigurationList = 1F96EED71CD79EF300216741 /* Build configuration list for PBXProject "SextouNTI" */;
			compatibilityVersion = "Xcode 3.2";
			developmentRegion = English;
			hasScannedForEncodings = 0;
			knownRegions = (
				en,
				Base,
			);
			mainGroup = 1F96EED31CD79EF300216741;
			productRefGroup = 1F96EEDD1CD79EF400216741 /* Products */;
			projectDirPath = "";
			projectRoot = "";
			targets = (
				1F96EEDB1CD79EF400216741 /* SextouNTI */,
				1F96EEEF1CD79EF400216741 /* SextouNTITests */,
			);
		};
/* End PBXProject section */

/* Begin PBXResourcesBuildPhase section */
		1F96EEDA1CD79EF400216741 /* Resources */ = {
			isa = PBXResourcesBuildPhase;
			buildActionMask = 2147483647;
			files = (
				1FC0F3DC1D0311AE001BB1BF /* shareBnt.png in Resources */,
				1F96EEEA1CD79EF400216741 /* LaunchScreen.storyboard in Resources */,
				1F96EEE71CD79EF400216741 /* Assets.xcassets in Resources */,
				1FC0F3DE1D0312FC001BB1BF /* LikeBnt.png in Resources */,
				9CD0A4CB1D32EEE0005806D1 /* bntRightArrow25x25.png in Resources */,
				9CD0A4C91D32C994005806D1 /* nophoto.jpg in Resources */,
				1F1687C01D01A5DE002DE3DA /* commentButton25x25.png in Resources */,
				9C3165BA1D87BA320026BD08 /* GoogleService-Info.plist in Resources */,
				9C4DB7901D33D7DB00D4AB81 /* rightarrowwite25x25.png in Resources */,
				1F96EEE51CD79EF400216741 /* Main.storyboard in Resources */,
			);
			runOnlyForDeploymentPostprocessing = 0;
		};
		1F96EEEE1CD79EF400216741 /* Resources */ = {
			isa = PBXResourcesBuildPhase;
			buildActionMask = 2147483647;
			files = (
			);
			runOnlyForDeploymentPostprocessing = 0;
		};
/* End PBXResourcesBuildPhase section */

/* Begin PBXShellScriptBuildPhase section */
		4690E22A7D4B9C9A9AAA80E8 /* [CP] Embed Pods Frameworks */ = {
			isa = PBXShellScriptBuildPhase;
			buildActionMask = 2147483647;
			files = (
			);
			inputPaths = (
			);
			name = "[CP] Embed Pods Frameworks";
			outputPaths = (
			);
			runOnlyForDeploymentPostprocessing = 0;
			shellPath = /bin/sh;
			shellScript = "\"${SRCROOT}/Pods/Target Support Files/Pods-SextouNTI/Pods-SextouNTI-frameworks.sh\"\n";
			showEnvVarsInLog = 0;
		};
		56F867BD04BD11D080437EE7 /* [CP] Copy Pods Resources */ = {
			isa = PBXShellScriptBuildPhase;
			buildActionMask = 2147483647;
			files = (
			);
			inputPaths = (
			);
			name = "[CP] Copy Pods Resources";
			outputPaths = (
			);
			runOnlyForDeploymentPostprocessing = 0;
			shellPath = /bin/sh;
			shellScript = "\"${SRCROOT}/Pods/Target Support Files/Pods-SextouNTI/Pods-SextouNTI-resources.sh\"\n";
			showEnvVarsInLog = 0;
		};
		8D196A590DA972C4C248DEA7 /* [CP] Check Pods Manifest.lock */ = {
			isa = PBXShellScriptBuildPhase;
			buildActionMask = 2147483647;
			files = (
			);
			inputPaths = (
			);
			name = "[CP] Check Pods Manifest.lock";
			outputPaths = (
			);
			runOnlyForDeploymentPostprocessing = 0;
			shellPath = /bin/sh;
			shellScript = "diff \"${PODS_ROOT}/../Podfile.lock\" \"${PODS_ROOT}/Manifest.lock\" > /dev/null\nif [[ $? != 0 ]] ; then\n    cat << EOM\nerror: The sandbox is not in sync with the Podfile.lock. Run 'pod install' or update your CocoaPods installation.\nEOM\n    exit 1\nfi\n";
			showEnvVarsInLog = 0;
		};
/* End PBXShellScriptBuildPhase section */

/* Begin PBXSourcesBuildPhase section */
		1F96EED81CD79EF400216741 /* Sources */ = {
			isa = PBXSourcesBuildPhase;
			buildActionMask = 2147483647;
			files = (
				484D105E1CEFC22800E129D6 /* LoginInteractor.swift in Sources */,
				1F9F72331CE93F720010CF96 /* MD5.swift in Sources */,
				9C7DF6371D9733A200D38515 /* UsuarioSocial.swift in Sources */,
				9C7707AC1D9309EF0017FB91 /* DownLoadImageView.swift in Sources */,
				1F96EF011CD7A28400216741 /* Comentario.swift in Sources */,
				1F96EEE21CD79EF400216741 /* LoginViewController.swift in Sources */,
				484D10601CEFCE3000E129D6 /* Alerta.swift in Sources */,
				9C9740FA1D50467C00D01F70 /* UtilImagem.swift in Sources */,
				9C0C408F1D9AFC93001219B9 /* Like.swift in Sources */,
				9C148B541D52353F00C9A73E /* Reachability.swift in Sources */,
				9C7707B01D931B960017FB91 /* StringUtils.swift in Sources */,
				9C21A6051D40593800AA7F2E /* ComentarioViewController.swift in Sources */,
				9C7707B21D932ADF0017FB91 /* FabricaModels.swift in Sources */,
				1F348C451CEA039A00BDE0A9 /* TrilhaTableViewCell.swift in Sources */,
				1F96EEE01CD79EF400216741 /* AppDelegate.swift in Sources */,
				1F143E611D012F97007B7C46 /* DetalheTrilhaViewController.swift in Sources */,
				1F18998D1CD8462E00A12A4B /* Perfil.swift in Sources */,
				1F96EF071CD7A68300216741 /* Usuario.swift in Sources */,
				1F45D15F1CEB57DF0035B58E /* UsuarioViewController.swift in Sources */,
				1F348C471CEA10F000BDE0A9 /* TrilhaTableViewController.swift in Sources */,
				9C37E4D31D41C09500D1182E /* ComentTableViewCell.swift in Sources */,
				1F96EF041CD7A57D00216741 /* Trilha.swift in Sources */,
			);
			runOnlyForDeploymentPostprocessing = 0;
		};
		1F96EEEC1CD79EF400216741 /* Sources */ = {
			isa = PBXSourcesBuildPhase;
			buildActionMask = 2147483647;
			files = (
				1F18998E1CD8462E00A12A4B /* Perfil.swift in Sources */,
				1F96EF081CD7A68300216741 /* Usuario.swift in Sources */,
				1F96EF021CD7A28400216741 /* Comentario.swift in Sources */,
				1F96EEF51CD79EF400216741 /* SextouNTITests.swift in Sources */,
				1F96EF051CD7A57D00216741 /* Trilha.swift in Sources */,
			);
			runOnlyForDeploymentPostprocessing = 0;
		};
/* End PBXSourcesBuildPhase section */

/* Begin PBXTargetDependency section */
		1F96EEF21CD79EF400216741 /* PBXTargetDependency */ = {
			isa = PBXTargetDependency;
			target = 1F96EEDB1CD79EF400216741 /* SextouNTI */;
			targetProxy = 1F96EEF11CD79EF400216741 /* PBXContainerItemProxy */;
		};
/* End PBXTargetDependency section */

/* Begin PBXVariantGroup section */
		1F96EEE31CD79EF400216741 /* Main.storyboard */ = {
			isa = PBXVariantGroup;
			children = (
				1F96EEE41CD79EF400216741 /* Base */,
			);
			name = Main.storyboard;
			sourceTree = "<group>";
		};
		1F96EEE81CD79EF400216741 /* LaunchScreen.storyboard */ = {
			isa = PBXVariantGroup;
			children = (
				1F96EEE91CD79EF400216741 /* Base */,
			);
			name = LaunchScreen.storyboard;
			sourceTree = "<group>";
		};
/* End PBXVariantGroup section */

/* Begin XCBuildConfiguration section */
		1F96EEF71CD79EF400216741 /* Debug */ = {
			isa = XCBuildConfiguration;
			buildSettings = {
				ALWAYS_SEARCH_USER_PATHS = NO;
				CLANG_ANALYZER_NONNULL = YES;
				CLANG_CXX_LANGUAGE_STANDARD = "gnu++0x";
				CLANG_CXX_LIBRARY = "libc++";
				CLANG_ENABLE_MODULES = YES;
				CLANG_ENABLE_OBJC_ARC = YES;
				CLANG_WARN_BOOL_CONVERSION = YES;
				CLANG_WARN_CONSTANT_CONVERSION = YES;
				CLANG_WARN_DIRECT_OBJC_ISA_USAGE = YES_ERROR;
				CLANG_WARN_EMPTY_BODY = YES;
				CLANG_WARN_ENUM_CONVERSION = YES;
				CLANG_WARN_INT_CONVERSION = YES;
				CLANG_WARN_OBJC_ROOT_CLASS = YES_ERROR;
				CLANG_WARN_UNREACHABLE_CODE = YES;
				CLANG_WARN__DUPLICATE_METHOD_MATCH = YES;
				"CODE_SIGN_IDENTITY[sdk=iphoneos*]" = "iPhone Developer";
				COPY_PHASE_STRIP = NO;
				DEBUG_INFORMATION_FORMAT = dwarf;
				ENABLE_STRICT_OBJC_MSGSEND = YES;
				ENABLE_TESTABILITY = YES;
				GCC_C_LANGUAGE_STANDARD = gnu99;
				GCC_DYNAMIC_NO_PIC = NO;
				GCC_NO_COMMON_BLOCKS = YES;
				GCC_OPTIMIZATION_LEVEL = 0;
				GCC_PREPROCESSOR_DEFINITIONS = (
					"DEBUG=1",
					"$(inherited)",
				);
				GCC_WARN_64_TO_32_BIT_CONVERSION = YES;
				GCC_WARN_ABOUT_RETURN_TYPE = YES_ERROR;
				GCC_WARN_UNDECLARED_SELECTOR = YES;
				GCC_WARN_UNINITIALIZED_AUTOS = YES_AGGRESSIVE;
				GCC_WARN_UNUSED_FUNCTION = YES;
				GCC_WARN_UNUSED_VARIABLE = YES;
				IPHONEOS_DEPLOYMENT_TARGET = 9.3;
				MTL_ENABLE_DEBUG_INFO = YES;
				ONLY_ACTIVE_ARCH = YES;
				SDKROOT = iphoneos;
				SWIFT_OPTIMIZATION_LEVEL = "-Onone";
				TARGETED_DEVICE_FAMILY = "1,2";
			};
			name = Debug;
		};
		1F96EEF81CD79EF400216741 /* Release */ = {
			isa = XCBuildConfiguration;
			buildSettings = {
				ALWAYS_SEARCH_USER_PATHS = NO;
				CLANG_ANALYZER_NONNULL = YES;
				CLANG_CXX_LANGUAGE_STANDARD = "gnu++0x";
				CLANG_CXX_LIBRARY = "libc++";
				CLANG_ENABLE_MODULES = YES;
				CLANG_ENABLE_OBJC_ARC = YES;
				CLANG_WARN_BOOL_CONVERSION = YES;
				CLANG_WARN_CONSTANT_CONVERSION = YES;
				CLANG_WARN_DIRECT_OBJC_ISA_USAGE = YES_ERROR;
				CLANG_WARN_EMPTY_BODY = YES;
				CLANG_WARN_ENUM_CONVERSION = YES;
				CLANG_WARN_INT_CONVERSION = YES;
				CLANG_WARN_OBJC_ROOT_CLASS = YES_ERROR;
				CLANG_WARN_UNREACHABLE_CODE = YES;
				CLANG_WARN__DUPLICATE_METHOD_MATCH = YES;
				"CODE_SIGN_IDENTITY[sdk=iphoneos*]" = "iPhone Developer";
				COPY_PHASE_STRIP = NO;
				DEBUG_INFORMATION_FORMAT = "dwarf-with-dsym";
				ENABLE_NS_ASSERTIONS = NO;
				ENABLE_STRICT_OBJC_MSGSEND = YES;
				GCC_C_LANGUAGE_STANDARD = gnu99;
				GCC_NO_COMMON_BLOCKS = YES;
				GCC_WARN_64_TO_32_BIT_CONVERSION = YES;
				GCC_WARN_ABOUT_RETURN_TYPE = YES_ERROR;
				GCC_WARN_UNDECLARED_SELECTOR = YES;
				GCC_WARN_UNINITIALIZED_AUTOS = YES_AGGRESSIVE;
				GCC_WARN_UNUSED_FUNCTION = YES;
				GCC_WARN_UNUSED_VARIABLE = YES;
				IPHONEOS_DEPLOYMENT_TARGET = 9.3;
				MTL_ENABLE_DEBUG_INFO = NO;
				SDKROOT = iphoneos;
				TARGETED_DEVICE_FAMILY = "1,2";
				VALIDATE_PRODUCT = YES;
			};
			name = Release;
		};
		1F96EEFA1CD79EF400216741 /* Debug */ = {
			isa = XCBuildConfiguration;
			baseConfigurationReference = 04394DC5BF141A88A2AD953C /* Pods-SextouNTI.debug.xcconfig */;
			buildSettings = {
				ASSETCATALOG_COMPILER_APPICON_NAME = AppIcon;
				FRAMEWORK_SEARCH_PATHS = (
					"$(inherited)",
					"\"$PODS_CONFIGURATION_BUILD_DIR/Alamofire\"",
					"\"$PODS_CONFIGURATION_BUILD_DIR/IQKeyboardManagerSwift\"",
					"\"$PODS_CONFIGURATION_BUILD_DIR/ObjectMapper\"",
					"/Users/flaviorabelo/Documents/FacebookSDKs-iOS-4.14.0",
				);
				INFOPLIST_FILE = SextouNTI/Info.plist;
				IPHONEOS_DEPLOYMENT_TARGET = 9.3;
				LD_RUNPATH_SEARCH_PATHS = "$(inherited) @executable_path/Frameworks";
				PRODUCT_BUNDLE_IDENTIFIER = com.fagutapp.SextouNTI;
				PRODUCT_NAME = "$(TARGET_NAME)";
				SWIFT_OBJC_BRIDGING_HEADER = "$(SRCROOT)/$(PROJECT_NAME)/SextouNTI-Bridging-Header.h";
				TARGETED_DEVICE_FAMILY = "1,2";
			};
			name = Debug;
		};
		1F96EEFB1CD79EF400216741 /* Release */ = {
			isa = XCBuildConfiguration;
			baseConfigurationReference = 787697839C5334AC4B7B6183 /* Pods-SextouNTI.release.xcconfig */;
			buildSettings = {
				ASSETCATALOG_COMPILER_APPICON_NAME = AppIcon;
				FRAMEWORK_SEARCH_PATHS = (
					"$(inherited)",
					"\"$PODS_CONFIGURATION_BUILD_DIR/Alamofire\"",
					"\"$PODS_CONFIGURATION_BUILD_DIR/IQKeyboardManagerSwift\"",
					"\"$PODS_CONFIGURATION_BUILD_DIR/ObjectMapper\"",
					"/Users/flaviorabelo/Documents/FacebookSDKs-iOS-4.14.0",
				);
				INFOPLIST_FILE = SextouNTI/Info.plist;
				IPHONEOS_DEPLOYMENT_TARGET = 9.3;
				LD_RUNPATH_SEARCH_PATHS = "$(inherited) @executable_path/Frameworks";
				PRODUCT_BUNDLE_IDENTIFIER = com.fagutapp.SextouNTI;
				PRODUCT_NAME = "$(TARGET_NAME)";
				SWIFT_OBJC_BRIDGING_HEADER = "$(SRCROOT)/$(PROJECT_NAME)/SextouNTI-Bridging-Header.h";
				TARGETED_DEVICE_FAMILY = "1,2";
			};
			name = Release;
		};
		1F96EEFD1CD79EF400216741 /* Debug */ = {
			isa = XCBuildConfiguration;
			buildSettings = {
				BUNDLE_LOADER = "$(TEST_HOST)";
				INFOPLIST_FILE = SextouNTITests/Info.plist;
				LD_RUNPATH_SEARCH_PATHS = "$(inherited) @executable_path/Frameworks @loader_path/Frameworks";
				PRODUCT_BUNDLE_IDENTIFIER = com.fagutapp.SextouNTITests;
				PRODUCT_NAME = "$(TARGET_NAME)";
				TEST_HOST = "$(BUILT_PRODUCTS_DIR)/SextouNTI.app/SextouNTI";
			};
			name = Debug;
		};
		1F96EEFE1CD79EF400216741 /* Release */ = {
			isa = XCBuildConfiguration;
			buildSettings = {
				BUNDLE_LOADER = "$(TEST_HOST)";
				INFOPLIST_FILE = SextouNTITests/Info.plist;
				LD_RUNPATH_SEARCH_PATHS = "$(inherited) @executable_path/Frameworks @loader_path/Frameworks";
				PRODUCT_BUNDLE_IDENTIFIER = com.fagutapp.SextouNTITests;
				PRODUCT_NAME = "$(TARGET_NAME)";
				TEST_HOST = "$(BUILT_PRODUCTS_DIR)/SextouNTI.app/SextouNTI";
			};
			name = Release;
		};
/* End XCBuildConfiguration section */

/* Begin XCConfigurationList section */
		1F96EED71CD79EF300216741 /* Build configuration list for PBXProject "SextouNTI" */ = {
			isa = XCConfigurationList;
			buildConfigurations = (
				1F96EEF71CD79EF400216741 /* Debug */,
				1F96EEF81CD79EF400216741 /* Release */,
			);
			defaultConfigurationIsVisible = 0;
			defaultConfigurationName = Release;
		};
		1F96EEF91CD79EF400216741 /* Build configuration list for PBXNativeTarget "SextouNTI" */ = {
			isa = XCConfigurationList;
			buildConfigurations = (
				1F96EEFA1CD79EF400216741 /* Debug */,
				1F96EEFB1CD79EF400216741 /* Release */,
			);
			defaultConfigurationIsVisible = 0;
			defaultConfigurationName = Release;
		};
		1F96EEFC1CD79EF400216741 /* Build configuration list for PBXNativeTarget "SextouNTITests" */ = {
			isa = XCConfigurationList;
			buildConfigurations = (
				1F96EEFD1CD79EF400216741 /* Debug */,
				1F96EEFE1CD79EF400216741 /* Release */,
			);
			defaultConfigurationIsVisible = 0;
			defaultConfigurationName = Release;
		};
/* End XCConfigurationList section */
	};
	rootObject = 1F96EED41CD79EF300216741 /* Project object */;
}
